
Microsoft Visual Studio Solution File, Format Version 12.00
# Visual Studio Version 17
VisualStudioVersion = 17.3.32901.215
MinimumVisualStudioVersion = 10.0.40219.1
Project("{FAE04EC0-301F-11D3-BF4B-00C04F79EFBC}") = "Portafolio", "Portafolio\Portafolio.csproj", "{28DEED18-8A82-475D-BF59-9DC6AB5665BA}"
EndProject
Global
	GlobalSection(SolutionConfigurationPlatforms) = preSolution
		Debug|Any CPU = Debug|Any CPU
		Release|Any CPU = Release|Any CPU
	EndGlobalSection
	GlobalSection(ProjectConfigurationPlatforms) = postSolution
		{28DEED18-8A82-475D-BF59-9DC6AB5665BA}.Debug|Any CPU.ActiveCfg = Debug|Any CPU
		{28DEED18-8A82-475D-BF59-9DC6AB5665BA}.Debug|Any CPU.Build.0 = Debug|Any CPU
		{28DEED18-8A82-475D-BF59-9DC6AB5665BA}.Release|Any CPU.ActiveCfg = Release|Any CPU
		{28DEED18-8A82-475D-BF59-9DC6AB5665BA}.Release|Any CPU.Build.0 = Release|Any CPU
	EndGlobalSection
	GlobalSection(SolutionProperties) = preSolution
		HideSolutionNode = FALSE
	EndGlobalSection
	GlobalSection(ExtensibilityGlobals) = postSolution
		SolutionGuid = {22B3E787-2119-48A4-9A00-286BFB119335}
	EndGlobalSection
EndGlobal
